
Microsoft Visual Studio Solution File, Format Version 12.00
# Visual Studio Version 17
VisualStudioVersion = 17.11.35222.181
MinimumVisualStudioVersion = 10.0.40219.1
Project("{9A19103F-16F7-4668-BE54-9A1E7A4F7556}") = "MyFirstApp", "MyFirstApp\MyFirstApp.csproj", "{669D5354-57CB-4286-A9FF-D08A4464DA49}"
EndProject
Project("{9A19103F-16F7-4668-BE54-9A1E7A4F7556}") = "Vererbung", "Vererbung\Vererbung.csproj", "{C9BDAE5F-0756-45BE-B7AD-DCCAFFEAE2C9}"
EndProject
Project("{FAE04EC0-301F-11D3-BF4B-00C04F79EFBC}") = "DiceRollGame", "DiceRollGame\DiceRollGame.csproj", "{4961AC31-1374-4118-A418-EB0E3C62CDF7}"
EndProject
Global
	GlobalSection(SolutionConfigurationPlatforms) = preSolution
		Debug|Any CPU = Debug|Any CPU
		Release|Any CPU = Release|Any CPU
	EndGlobalSection
	GlobalSection(ProjectConfigurationPlatforms) = postSolution
		{669D5354-57CB-4286-A9FF-D08A4464DA49}.Debug|Any CPU.ActiveCfg = Debug|Any CPU
		{669D5354-57CB-4286-A9FF-D08A4464DA49}.Debug|Any CPU.Build.0 = Debug|Any CPU
		{669D5354-57CB-4286-A9FF-D08A4464DA49}.Release|Any CPU.ActiveCfg = Release|Any CPU
		{669D5354-57CB-4286-A9FF-D08A4464DA49}.Release|Any CPU.Build.0 = Release|Any CPU
		{C9BDAE5F-0756-45BE-B7AD-DCCAFFEAE2C9}.Debug|Any CPU.ActiveCfg = Debug|Any CPU
		{C9BDAE5F-0756-45BE-B7AD-DCCAFFEAE2C9}.Debug|Any CPU.Build.0 = Debug|Any CPU
		{C9BDAE5F-0756-45BE-B7AD-DCCAFFEAE2C9}.Release|Any CPU.ActiveCfg = Release|Any CPU
		{C9BDAE5F-0756-45BE-B7AD-DCCAFFEAE2C9}.Release|Any CPU.Build.0 = Release|Any CPU
		{4961AC31-1374-4118-A418-EB0E3C62CDF7}.Debug|Any CPU.ActiveCfg = Debug|Any CPU
		{4961AC31-1374-4118-A418-EB0E3C62CDF7}.Debug|Any CPU.Build.0 = Debug|Any CPU
		{4961AC31-1374-4118-A418-EB0E3C62CDF7}.Release|Any CPU.ActiveCfg = Release|Any CPU
		{4961AC31-1374-4118-A418-EB0E3C62CDF7}.Release|Any CPU.Build.0 = Release|Any CPU
	EndGlobalSection
	GlobalSection(SolutionProperties) = preSolution
		HideSolutionNode = FALSE
	EndGlobalSection
	GlobalSection(ExtensibilityGlobals) = postSolution
		SolutionGuid = {0FACCB10-83E8-47E2-8C8F-4D4FD36520C4}
	EndGlobalSection
EndGlobal
